
Microsoft Visual Studio Solution File, Format Version 12.00
# Visual Studio Version 17
VisualStudioVersion = 17.13.35931.197 d17.13
MinimumVisualStudioVersion = 10.0.40219.1
Project("{FAE04EC0-301F-11D3-BF4B-00C04F79EFBC}") = "LibraryManagementApi", "LibraryManagementApi\LibraryManagementApi.csproj", "{880AB099-DFED-4E93-B24D-0953D3D867D3}"
EndProject
Global
	GlobalSection(SolutionConfigurationPlatforms) = preSolution
		Debug|Any CPU = Debug|Any CPU
		Release|Any CPU = Release|Any CPU
	EndGlobalSection
	GlobalSection(ProjectConfigurationPlatforms) = postSolution
		{880AB099-DFED-4E93-B24D-0953D3D867D3}.Debug|Any CPU.ActiveCfg = Debug|Any CPU
		{880AB099-DFED-4E93-B24D-0953D3D867D3}.Debug|Any CPU.Build.0 = Debug|Any CPU
		{880AB099-DFED-4E93-B24D-0953D3D867D3}.Release|Any CPU.ActiveCfg = Release|Any CPU
		{880AB099-DFED-4E93-B24D-0953D3D867D3}.Release|Any CPU.Build.0 = Release|Any CPU
	EndGlobalSection
	GlobalSection(SolutionProperties) = preSolution
		HideSolutionNode = FALSE
	EndGlobalSection
	GlobalSection(ExtensibilityGlobals) = postSolution
		SolutionGuid = {C00AF7CE-741A-4069-9C66-A0B5D05A697A}
	EndGlobalSection
EndGlobal
